
Microsoft Visual Studio Solution File, Format Version 12.00
# Visual Studio Version 16
VisualStudioVersion = 16.0.31321.278
MinimumVisualStudioVersion = 10.0.40219.1
Project("{FAE04EC0-301F-11D3-BF4B-00C04F79EFBC}") = "while_ciklus_gyak1", "while_ciklus_gyak1.csproj", "{C691C156-E111-4B19-88FB-61ED0EDA75FD}"
EndProject
Global
	GlobalSection(SolutionConfigurationPlatforms) = preSolution
		Debug|Any CPU = Debug|Any CPU
		Release|Any CPU = Release|Any CPU
	EndGlobalSection
	GlobalSection(ProjectConfigurationPlatforms) = postSolution
		{C691C156-E111-4B19-88FB-61ED0EDA75FD}.Debug|Any CPU.ActiveCfg = Debug|Any CPU
		{C691C156-E111-4B19-88FB-61ED0EDA75FD}.Debug|Any CPU.Build.0 = Debug|Any CPU
		{C691C156-E111-4B19-88FB-61ED0EDA75FD}.Release|Any CPU.ActiveCfg = Release|Any CPU
		{C691C156-E111-4B19-88FB-61ED0EDA75FD}.Release|Any CPU.Build.0 = Release|Any CPU
	EndGlobalSection
	GlobalSection(SolutionProperties) = preSolution
		HideSolutionNode = FALSE
	EndGlobalSection
	GlobalSection(ExtensibilityGlobals) = postSolution
		SolutionGuid = {4D8511EF-FB46-4887-AD36-89EDC92B3456}
	EndGlobalSection
EndGlobal
